
Microsoft Visual Studio Solution File, Format Version 12.00
# Visual Studio Version 17
VisualStudioVersion = 17.7.34009.444
MinimumVisualStudioVersion = 10.0.40219.1
Project("{FAE04EC0-301F-11D3-BF4B-00C04F79EFBC}") = "APIProductos", "APIProductos\APIProductos.csproj", "{9E3ED5D0-1C29-4B14-9B9A-A31EC71896BB}"
EndProject
Global
	GlobalSection(SolutionConfigurationPlatforms) = preSolution
		Debug|Any CPU = Debug|Any CPU
		Release|Any CPU = Release|Any CPU
	EndGlobalSection
	GlobalSection(ProjectConfigurationPlatforms) = postSolution
		{9E3ED5D0-1C29-4B14-9B9A-A31EC71896BB}.Debug|Any CPU.ActiveCfg = Debug|Any CPU
		{9E3ED5D0-1C29-4B14-9B9A-A31EC71896BB}.Debug|Any CPU.Build.0 = Debug|Any CPU
		{9E3ED5D0-1C29-4B14-9B9A-A31EC71896BB}.Release|Any CPU.ActiveCfg = Release|Any CPU
		{9E3ED5D0-1C29-4B14-9B9A-A31EC71896BB}.Release|Any CPU.Build.0 = Release|Any CPU
	EndGlobalSection
	GlobalSection(SolutionProperties) = preSolution
		HideSolutionNode = FALSE
	EndGlobalSection
	GlobalSection(ExtensibilityGlobals) = postSolution
		SolutionGuid = {5CEB3E05-FC72-4B60-8F0D-9461C8C43012}
	EndGlobalSection
EndGlobal
